// !$*UTF8*$!
{
	archiveVersion = 1;
	classes = {
	};
	objectVersion = 46;
	objects = {

/* Begin PBXBuildFile section */
		150A6677EED5B100CCAE94EF /* Pods____________.framework in Frameworks */ = {isa = PBXBuildFile; fileRef = 23B9CDCD1EA03E9D18300400 /* Pods____________.framework */; };
		846E062D1D8A29AE00321D94 /* LHLNavigationViewController.m in Sources */ = {isa = PBXBuildFile; fileRef = 846E062C1D8A29AE00321D94 /* LHLNavigationViewController.m */; };
		846E063F1D8A614D00321D94 /* LHLSettingViewController.m in Sources */ = {isa = PBXBuildFile; fileRef = 846E063C1D8A614D00321D94 /* LHLSettingViewController.m */; };
		846E06431D8A618000321D94 /* LHLAdViewController.m in Sources */ = {isa = PBXBuildFile; fileRef = 846E06411D8A618000321D94 /* LHLAdViewController.m */; };
		846E06441D8A618000321D94 /* LHLAdViewController.xib in Resources */ = {isa = PBXBuildFile; fileRef = 846E06421D8A618000321D94 /* LHLAdViewController.xib */; };
		846E064D1D8A641300321D94 /* LaunchImage-568h@2x.png in Resources */ = {isa = PBXBuildFile; fileRef = 846E06461D8A641300321D94 /* LaunchImage-568h@2x.png */; };
		846E064E1D8A641300321D94 /* LaunchImage-700-568h@2x.png in Resources */ = {isa = PBXBuildFile; fileRef = 846E06471D8A641300321D94 /* LaunchImage-700-568h@2x.png */; };
		846E064F1D8A641300321D94 /* LaunchImage-700@2x.png in Resources */ = {isa = PBXBuildFile; fileRef = 846E06481D8A641300321D94 /* LaunchImage-700@2x.png */; };
		846E06501D8A641300321D94 /* LaunchImage-800-667h@2x.png in Resources */ = {isa = PBXBuildFile; fileRef = 846E06491D8A641300321D94 /* LaunchImage-800-667h@2x.png */; };
		846E06511D8A641300321D94 /* LaunchImage-800-Portrait-736h@3x.png in Resources */ = {isa = PBXBuildFile; fileRef = 846E064A1D8A641300321D94 /* LaunchImage-800-Portrait-736h@3x.png */; };
		846E06521D8A641300321D94 /* LaunchImage.png in Resources */ = {isa = PBXBuildFile; fileRef = 846E064B1D8A641300321D94 /* LaunchImage.png */; };
		846E06531D8A641300321D94 /* LaunchImage@2x.png in Resources */ = {isa = PBXBuildFile; fileRef = 846E064C1D8A641300321D94 /* LaunchImage@2x.png */; };
		847A48DD1D8CF4C4002AE6BA /* LHLWebViewController.m in Sources */ = {isa = PBXBuildFile; fileRef = 847A48DB1D8CF4C4002AE6BA /* LHLWebViewController.m */; };
		847A48DE1D8CF4C4002AE6BA /* LHLWebViewController.xib in Resources */ = {isa = PBXBuildFile; fileRef = 847A48DC1D8CF4C4002AE6BA /* LHLWebViewController.xib */; };
		8492A8951D8AB19400C73DF3 /* LHLAdItem.m in Sources */ = {isa = PBXBuildFile; fileRef = 8492A8941D8AB19400C73DF3 /* LHLAdItem.m */; };
		849475011D899ED400937559 /* UIBarButtonItem+item.m in Sources */ = {isa = PBXBuildFile; fileRef = 849475001D899ED400937559 /* UIBarButtonItem+item.m */; };
		84A8DEE21D8D3D4A005A5F6B /* LHLFileTool.m in Sources */ = {isa = PBXBuildFile; fileRef = 84A8DEE11D8D3D4A005A5F6B /* LHLFileTool.m */; };
		84B62A451D927FBB009C7AA5 /* LHLTopicsItem.m in Sources */ = {isa = PBXBuildFile; fileRef = 84B62A441D927FBB009C7AA5 /* LHLTopicsItem.m */; };
		84BDE8B41D8E29B6000CFE9F /* LHLTitleButton.m in Sources */ = {isa = PBXBuildFile; fileRef = 84BDE8B31D8E29B6000CFE9F /* LHLTitleButton.m */; };
		84BDE8B71D8FE71C000CFE9F /* LHLAllViewController.m in Sources */ = {isa = PBXBuildFile; fileRef = 84BDE8B61D8FE71C000CFE9F /* LHLAllViewController.m */; };
		84BDE8BA1D8FE72C000CFE9F /* LHLVideoViewController.m in Sources */ = {isa = PBXBuildFile; fileRef = 84BDE8B91D8FE72C000CFE9F /* LHLVideoViewController.m */; };
		84BDE8BD1D8FE742000CFE9F /* LHLVoiceViewController.m in Sources */ = {isa = PBXBuildFile; fileRef = 84BDE8BC1D8FE742000CFE9F /* LHLVoiceViewController.m */; };
		84BDE8C01D8FE75A000CFE9F /* LHLPictureViewController.m in Sources */ = {isa = PBXBuildFile; fileRef = 84BDE8BF1D8FE75A000CFE9F /* LHLPictureViewController.m */; };
		84BDE8C31D8FE766000CFE9F /* LHLWordViewController.m in Sources */ = {isa = PBXBuildFile; fileRef = 84BDE8C21D8FE766000CFE9F /* LHLWordViewController.m */; };
		84BDE8C61D900DF9000CFE9F /* LHLConst.m in Sources */ = {isa = PBXBuildFile; fileRef = 84BDE8C51D900DF9000CFE9F /* LHLConst.m */; };
		84BE4EB81D8BA59D00AB0DDF /* LHLFriendTrendViewController.xib in Resources */ = {isa = PBXBuildFile; fileRef = 84BE4EB71D8BA59D00AB0DDF /* LHLFriendTrendViewController.xib */; };
		84BE4EBC1D8BABE200AB0DDF /* LHLLoginRegisterController.m in Sources */ = {isa = PBXBuildFile; fileRef = 84BE4EBA1D8BABE200AB0DDF /* LHLLoginRegisterController.m */; };
		84BE4EBD1D8BABE200AB0DDF /* LHLLoginRegisterController.xib in Resources */ = {isa = PBXBuildFile; fileRef = 84BE4EBB1D8BABE200AB0DDF /* LHLLoginRegisterController.xib */; };
		84BE4EC01D8BB6CD00AB0DDF /* LHLLoginRegisterView.m in Sources */ = {isa = PBXBuildFile; fileRef = 84BE4EBF1D8BB6CD00AB0DDF /* LHLLoginRegisterView.m */; };
		84BE4EC21D8BB6DC00AB0DDF /* LHLLoginRegisterView.xib in Resources */ = {isa = PBXBuildFile; fileRef = 84BE4EC11D8BB6DC00AB0DDF /* LHLLoginRegisterView.xib */; };
		84BE4EC51D8BD84C00AB0DDF /* LHLFastLoginView.m in Sources */ = {isa = PBXBuildFile; fileRef = 84BE4EC41D8BD84C00AB0DDF /* LHLFastLoginView.m */; };
		84BE4EC71D8BD85900AB0DDF /* LHLFastLoginView.xib in Resources */ = {isa = PBXBuildFile; fileRef = 84BE4EC61D8BD85900AB0DDF /* LHLFastLoginView.xib */; };
		84BE4ECA1D8BDFA300AB0DDF /* LHLFastButton.m in Sources */ = {isa = PBXBuildFile; fileRef = 84BE4EC91D8BDFA300AB0DDF /* LHLFastButton.m */; };
		84BE4ECD1D8BF8D600AB0DDF /* LHLLoginField.m in Sources */ = {isa = PBXBuildFile; fileRef = 84BE4ECC1D8BF8D600AB0DDF /* LHLLoginField.m */; };
		84C558A31D8C0C54000E0F0B /* UITextField+placeholder.m in Sources */ = {isa = PBXBuildFile; fileRef = 84C558A21D8C0C54000E0F0B /* UITextField+placeholder.m */; };
		84C558A51D8C2778000E0F0B /* LHLMeTableViewController.storyboard in Resources */ = {isa = PBXBuildFile; fileRef = 84C558A41D8C2778000E0F0B /* LHLMeTableViewController.storyboard */; };
		84C558A91D8C3292000E0F0B /* LHLSquareCell.m in Sources */ = {isa = PBXBuildFile; fileRef = 84C558A71D8C3292000E0F0B /* LHLSquareCell.m */; };
		84C558AA1D8C3292000E0F0B /* LHLSquareCell.xib in Resources */ = {isa = PBXBuildFile; fileRef = 84C558A81D8C3292000E0F0B /* LHLSquareCell.xib */; };
		84C558AD1D8C40DD000E0F0B /* LHLSquarItem.m in Sources */ = {isa = PBXBuildFile; fileRef = 84C558AC1D8C40DD000E0F0B /* LHLSquarItem.m */; };
		84C6E6511D93A08F00104BB6 /* LHLTopicsCell.m in Sources */ = {isa = PBXBuildFile; fileRef = 84C6E6501D93A08F00104BB6 /* LHLTopicsCell.m */; };
		84C6E6541D93A0A000104BB6 /* LHLVideosCell.m in Sources */ = {isa = PBXBuildFile; fileRef = 84C6E6531D93A0A000104BB6 /* LHLVideosCell.m */; };
		84C6E6571D93A0B400104BB6 /* LHLVoiceCell.m in Sources */ = {isa = PBXBuildFile; fileRef = 84C6E6561D93A0B400104BB6 /* LHLVoiceCell.m */; };
		84C6E65A1D93A0C200104BB6 /* LHLPictureCell.m in Sources */ = {isa = PBXBuildFile; fileRef = 84C6E6591D93A0C200104BB6 /* LHLPictureCell.m */; };
		84C6E65D1D93A0CF00104BB6 /* LHLWordCell.m in Sources */ = {isa = PBXBuildFile; fileRef = 84C6E65C1D93A0CF00104BB6 /* LHLWordCell.m */; };
		84D236171D879B72005BBCE9 /* Main.storyboard in Resources */ = {isa = PBXBuildFile; fileRef = 84D236151D879B72005BBCE9 /* Main.storyboard */; };
		84D236191D879B72005BBCE9 /* Assets.xcassets in Resources */ = {isa = PBXBuildFile; fileRef = 84D236181D879B72005BBCE9 /* Assets.xcassets */; };
		84D2361C1D879B72005BBCE9 /* LaunchScreen.storyboard in Resources */ = {isa = PBXBuildFile; fileRef = 84D2361A1D879B72005BBCE9 /* LaunchScreen.storyboard */; };
		84D236271D879B72005BBCE9 /* ___________UITests.m in Sources */ = {isa = PBXBuildFile; fileRef = 84D236261D879B72005BBCE9 /* ___________UITests.m */; };
		84D2364A1D87BBA9005BBCE9 /* AppDelegate.m in Sources */ = {isa = PBXBuildFile; fileRef = 84D236441D87BBA9005BBCE9 /* AppDelegate.m */; };
		84D2364B1D87BBA9005BBCE9 /* main.m in Sources */ = {isa = PBXBuildFile; fileRef = 84D236451D87BBA9005BBCE9 /* main.m */; };
		84D2364E1D87BD2F005BBCE9 /* LHLEssenceViewController.m in Sources */ = {isa = PBXBuildFile; fileRef = 84D2364D1D87BD2F005BBCE9 /* LHLEssenceViewController.m */; };
		84D236511D87BD7A005BBCE9 /* LHLFriendTrendViewController.m in Sources */ = {isa = PBXBuildFile; fileRef = 84D236501D87BD7A005BBCE9 /* LHLFriendTrendViewController.m */; };
		84D236541D87BD8C005BBCE9 /* LHLMeTableViewController.m in Sources */ = {isa = PBXBuildFile; fileRef = 84D236531D87BD8C005BBCE9 /* LHLMeTableViewController.m */; };
		84D236571D87BDA2005BBCE9 /* LHLNewViewController.m in Sources */ = {isa = PBXBuildFile; fileRef = 84D236561D87BDA2005BBCE9 /* LHLNewViewController.m */; };
		84D2365A1D87BDB3005BBCE9 /* LHLPublishViewController.m in Sources */ = {isa = PBXBuildFile; fileRef = 84D236591D87BDB3005BBCE9 /* LHLPublishViewController.m */; };
		84D236611D87CDE4005BBCE9 /* LHLTabBarController.m in Sources */ = {isa = PBXBuildFile; fileRef = 84D236601D87CDE4005BBCE9 /* LHLTabBarController.m */; };
		84D236651D87D352005BBCE9 /* UIImage+image.m in Sources */ = {isa = PBXBuildFile; fileRef = 84D236641D87D352005BBCE9 /* UIImage+image.m */; };
		84F803C51D8ACC650017CCC7 /* LHLSubTagController.m in Sources */ = {isa = PBXBuildFile; fileRef = 84F803C41D8ACC650017CCC7 /* LHLSubTagController.m */; };
		84F803C81D8ACF370017CCC7 /* LHLSubTagItem.m in Sources */ = {isa = PBXBuildFile; fileRef = 84F803C71D8ACF370017CCC7 /* LHLSubTagItem.m */; };
		84F803CF1D8AD6FD0017CCC7 /* LHLSubTagCell.m in Sources */ = {isa = PBXBuildFile; fileRef = 84F803CD1D8AD6FD0017CCC7 /* LHLSubTagCell.m */; };
		84F803D01D8AD6FD0017CCC7 /* LHLSubTagCell.xib in Resources */ = {isa = PBXBuildFile; fileRef = 84F803CE1D8AD6FD0017CCC7 /* LHLSubTagCell.xib */; };
		84FAF54F1D893AD300A71005 /* LHLTabBar.m in Sources */ = {isa = PBXBuildFile; fileRef = 84FAF54E1D893AD300A71005 /* LHLTabBar.m */; };
		84FAF5551D894BAC00A71005 /* UIView+frame.m in Sources */ = {isa = PBXBuildFile; fileRef = 84FAF5541D894BAC00A71005 /* UIView+frame.m */; };
/* End PBXBuildFile section */

/* Begin PBXContainerItemProxy section */
		84D236231D879B72005BBCE9 /* PBXContainerItemProxy */ = {
			isa = PBXContainerItemProxy;
			containerPortal = 84D236011D879B71005BBCE9 /* Project object */;
			proxyType = 1;
			remoteGlobalIDString = 84D236081D879B71005BBCE9;
			remoteInfo = "百思不得姐(环境部署)";
		};
/* End PBXContainerItemProxy section */

/* Begin PBXFileReference section */
		23B9CDCD1EA03E9D18300400 /* Pods____________.framework */ = {isa = PBXFileReference; explicitFileType = wrapper.framework; includeInIndex = 0; path = "Pods____________.framework"; sourceTree = BUILT_PRODUCTS_DIR; };
		80D855DD8AA3EBE9C7D972B0 /* Pods-百思不得姐(环境部署).release.xcconfig */ = {isa = PBXFileReference; includeInIndex = 1; lastKnownFileType = text.xcconfig; name = "Pods-百思不得姐(环境部署).release.xcconfig"; path = "Pods/Target Support Files/Pods-百思不得姐(环境部署)/Pods-百思不得姐(环境部署).release.xcconfig"; sourceTree = "<group>"; };
		846E062B1D8A29AE00321D94 /* LHLNavigationViewController.h */ = {isa = PBXFileReference; fileEncoding = 4; lastKnownFileType = sourcecode.c.h; path = LHLNavigationViewController.h; sourceTree = "<group>"; };
		846E062C1D8A29AE00321D94 /* LHLNavigationViewController.m */ = {isa = PBXFileReference; fileEncoding = 4; lastKnownFileType = sourcecode.c.objc; path = LHLNavigationViewController.m; sourceTree = "<group>"; };
		846E063B1D8A614D00321D94 /* LHLSettingViewController.h */ = {isa = PBXFileReference; fileEncoding = 4; lastKnownFileType = sourcecode.c.h; path = LHLSettingViewController.h; sourceTree = "<group>"; };
		846E063C1D8A614D00321D94 /* LHLSettingViewController.m */ = {isa = PBXFileReference; fileEncoding = 4; lastKnownFileType = sourcecode.c.objc; path = LHLSettingViewController.m; sourceTree = "<group>"; };
		846E06401D8A618000321D94 /* LHLAdViewController.h */ = {isa = PBXFileReference; fileEncoding = 4; lastKnownFileType = sourcecode.c.h; path = LHLAdViewController.h; sourceTree = "<group>"; };
		846E06411D8A618000321D94 /* LHLAdViewController.m */ = {isa = PBXFileReference; fileEncoding = 4; lastKnownFileType = sourcecode.c.objc; path = LHLAdViewController.m; sourceTree = "<group>"; };
		846E06421D8A618000321D94 /* LHLAdViewController.xib */ = {isa = PBXFileReference; fileEncoding = 4; lastKnownFileType = file.xib; path = LHLAdViewController.xib; sourceTree = "<group>"; };
		846E06461D8A641300321D94 /* LaunchImage-568h@2x.png */ = {isa = PBXFileReference; lastKnownFileType = image.png; path = "LaunchImage-568h@2x.png"; sourceTree = "<group>"; };
		846E06471D8A641300321D94 /* LaunchImage-700-568h@2x.png */ = {isa = PBXFileReference; lastKnownFileType = image.png; path = "LaunchImage-700-568h@2x.png"; sourceTree = "<group>"; };
		846E06481D8A641300321D94 /* LaunchImage-700@2x.png */ = {isa = PBXFileReference; lastKnownFileType = image.png; path = "LaunchImage-700@2x.png"; sourceTree = "<group>"; };
		846E06491D8A641300321D94 /* LaunchImage-800-667h@2x.png */ = {isa = PBXFileReference; lastKnownFileType = image.png; path = "LaunchImage-800-667h@2x.png"; sourceTree = "<group>"; };
		846E064A1D8A641300321D94 /* LaunchImage-800-Portrait-736h@3x.png */ = {isa = PBXFileReference; lastKnownFileType = image.png; path = "LaunchImage-800-Portrait-736h@3x.png"; sourceTree = "<group>"; };
		846E064B1D8A641300321D94 /* LaunchImage.png */ = {isa = PBXFileReference; lastKnownFileType = image.png; path = LaunchImage.png; sourceTree = "<group>"; };
		846E064C1D8A641300321D94 /* LaunchImage@2x.png */ = {isa = PBXFileReference; lastKnownFileType = image.png; path = "LaunchImage@2x.png"; sourceTree = "<group>"; };
		847A48DA1D8CF4C4002AE6BA /* LHLWebViewController.h */ = {isa = PBXFileReference; fileEncoding = 4; lastKnownFileType = sourcecode.c.h; path = LHLWebViewController.h; sourceTree = "<group>"; };
		847A48DB1D8CF4C4002AE6BA /* LHLWebViewController.m */ = {isa = PBXFileReference; fileEncoding = 4; lastKnownFileType = sourcecode.c.objc; path = LHLWebViewController.m; sourceTree = "<group>"; };
		847A48DC1D8CF4C4002AE6BA /* LHLWebViewController.xib */ = {isa = PBXFileReference; fileEncoding = 4; lastKnownFileType = file.xib; path = LHLWebViewController.xib; sourceTree = "<group>"; };
		8492A8931D8AB19400C73DF3 /* LHLAdItem.h */ = {isa = PBXFileReference; fileEncoding = 4; lastKnownFileType = sourcecode.c.h; path = LHLAdItem.h; sourceTree = "<group>"; };
		8492A8941D8AB19400C73DF3 /* LHLAdItem.m */ = {isa = PBXFileReference; fileEncoding = 4; lastKnownFileType = sourcecode.c.objc; path = LHLAdItem.m; sourceTree = "<group>"; };
		849474FE1D89914A00937559 /* BuDeJie.pch */ = {isa = PBXFileReference; lastKnownFileType = sourcecode.c.h; path = BuDeJie.pch; sourceTree = "<group>"; };
		849474FF1D899ED400937559 /* UIBarButtonItem+item.h */ = {isa = PBXFileReference; fileEncoding = 4; lastKnownFileType = sourcecode.c.h; path = "UIBarButtonItem+item.h"; sourceTree = "<group>"; };
		849475001D899ED400937559 /* UIBarButtonItem+item.m */ = {isa = PBXFileReference; fileEncoding = 4; lastKnownFileType = sourcecode.c.objc; path = "UIBarButtonItem+item.m"; sourceTree = "<group>"; };
		84A8DEE01D8D3D4A005A5F6B /* LHLFileTool.h */ = {isa = PBXFileReference; fileEncoding = 4; lastKnownFileType = sourcecode.c.h; path = LHLFileTool.h; sourceTree = "<group>"; };
		84A8DEE11D8D3D4A005A5F6B /* LHLFileTool.m */ = {isa = PBXFileReference; fileEncoding = 4; lastKnownFileType = sourcecode.c.objc; path = LHLFileTool.m; sourceTree = "<group>"; };
		84B62A431D927FBB009C7AA5 /* LHLTopicsItem.h */ = {isa = PBXFileReference; fileEncoding = 4; lastKnownFileType = sourcecode.c.h; path = LHLTopicsItem.h; sourceTree = "<group>"; };
		84B62A441D927FBB009C7AA5 /* LHLTopicsItem.m */ = {isa = PBXFileReference; fileEncoding = 4; lastKnownFileType = sourcecode.c.objc; path = LHLTopicsItem.m; sourceTree = "<group>"; };
		84BDE8B21D8E29B6000CFE9F /* LHLTitleButton.h */ = {isa = PBXFileReference; fileEncoding = 4; lastKnownFileType = sourcecode.c.h; path = LHLTitleButton.h; sourceTree = "<group>"; };
		84BDE8B31D8E29B6000CFE9F /* LHLTitleButton.m */ = {isa = PBXFileReference; fileEncoding = 4; lastKnownFileType = sourcecode.c.objc; path = LHLTitleButton.m; sourceTree = "<group>"; };
		84BDE8B51D8FE71C000CFE9F /* LHLAllViewController.h */ = {isa = PBXFileReference; fileEncoding = 4; lastKnownFileType = sourcecode.c.h; path = LHLAllViewController.h; sourceTree = "<group>"; };
		84BDE8B61D8FE71C000CFE9F /* LHLAllViewController.m */ = {isa = PBXFileReference; fileEncoding = 4; lastKnownFileType = sourcecode.c.objc; path = LHLAllViewController.m; sourceTree = "<group>"; };
		84BDE8B81D8FE72C000CFE9F /* LHLVideoViewController.h */ = {isa = PBXFileReference; fileEncoding = 4; lastKnownFileType = sourcecode.c.h; path = LHLVideoViewController.h; sourceTree = "<group>"; };
		84BDE8B91D8FE72C000CFE9F /* LHLVideoViewController.m */ = {isa = PBXFileReference; fileEncoding = 4; lastKnownFileType = sourcecode.c.objc; path = LHLVideoViewController.m; sourceTree = "<group>"; };
		84BDE8BB1D8FE742000CFE9F /* LHLVoiceViewController.h */ = {isa = PBXFileReference; fileEncoding = 4; lastKnownFileType = sourcecode.c.h; path = LHLVoiceViewController.h; sourceTree = "<group>"; };
		84BDE8BC1D8FE742000CFE9F /* LHLVoiceViewController.m */ = {isa = PBXFileReference; fileEncoding = 4; lastKnownFileType = sourcecode.c.objc; path = LHLVoiceViewController.m; sourceTree = "<group>"; };
		84BDE8BE1D8FE75A000CFE9F /* LHLPictureViewController.h */ = {isa = PBXFileReference; fileEncoding = 4; lastKnownFileType = sourcecode.c.h; path = LHLPictureViewController.h; sourceTree = "<group>"; };
		84BDE8BF1D8FE75A000CFE9F /* LHLPictureViewController.m */ = {isa = PBXFileReference; fileEncoding = 4; lastKnownFileType = sourcecode.c.objc; path = LHLPictureViewController.m; sourceTree = "<group>"; };
		84BDE8C11D8FE766000CFE9F /* LHLWordViewController.h */ = {isa = PBXFileReference; fileEncoding = 4; lastKnownFileType = sourcecode.c.h; path = LHLWordViewController.h; sourceTree = "<group>"; };
		84BDE8C21D8FE766000CFE9F /* LHLWordViewController.m */ = {isa = PBXFileReference; fileEncoding = 4; lastKnownFileType = sourcecode.c.objc; path = LHLWordViewController.m; sourceTree = "<group>"; };
		84BDE8C41D900DF9000CFE9F /* LHLConst.h */ = {isa = PBXFileReference; fileEncoding = 4; lastKnownFileType = sourcecode.c.h; path = LHLConst.h; sourceTree = "<group>"; };
		84BDE8C51D900DF9000CFE9F /* LHLConst.m */ = {isa = PBXFileReference; fileEncoding = 4; lastKnownFileType = sourcecode.c.objc; path = LHLConst.m; sourceTree = "<group>"; };
		84BE4EB71D8BA59D00AB0DDF /* LHLFriendTrendViewController.xib */ = {isa = PBXFileReference; fileEncoding = 4; lastKnownFileType = file.xib; path = LHLFriendTrendViewController.xib; sourceTree = "<group>"; };
		84BE4EB91D8BABE200AB0DDF /* LHLLoginRegisterController.h */ = {isa = PBXFileReference; fileEncoding = 4; lastKnownFileType = sourcecode.c.h; path = LHLLoginRegisterController.h; sourceTree = "<group>"; };
		84BE4EBA1D8BABE200AB0DDF /* LHLLoginRegisterController.m */ = {isa = PBXFileReference; fileEncoding = 4; lastKnownFileType = sourcecode.c.objc; path = LHLLoginRegisterController.m; sourceTree = "<group>"; };
		84BE4EBB1D8BABE200AB0DDF /* LHLLoginRegisterController.xib */ = {isa = PBXFileReference; fileEncoding = 4; lastKnownFileType = file.xib; path = LHLLoginRegisterController.xib; sourceTree = "<group>"; };
		84BE4EBE1D8BB6CD00AB0DDF /* LHLLoginRegisterView.h */ = {isa = PBXFileReference; fileEncoding = 4; lastKnownFileType = sourcecode.c.h; path = LHLLoginRegisterView.h; sourceTree = "<group>"; };
		84BE4EBF1D8BB6CD00AB0DDF /* LHLLoginRegisterView.m */ = {isa = PBXFileReference; fileEncoding = 4; lastKnownFileType = sourcecode.c.objc; path = LHLLoginRegisterView.m; sourceTree = "<group>"; };
		84BE4EC11D8BB6DC00AB0DDF /* LHLLoginRegisterView.xib */ = {isa = PBXFileReference; fileEncoding = 4; lastKnownFileType = file.xib; path = LHLLoginRegisterView.xib; sourceTree = "<group>"; };
		84BE4EC31D8BD84C00AB0DDF /* LHLFastLoginView.h */ = {isa = PBXFileReference; fileEncoding = 4; lastKnownFileType = sourcecode.c.h; path = LHLFastLoginView.h; sourceTree = "<group>"; };
		84BE4EC41D8BD84C00AB0DDF /* LHLFastLoginView.m */ = {isa = PBXFileReference; fileEncoding = 4; lastKnownFileType = sourcecode.c.objc; path = LHLFastLoginView.m; sourceTree = "<group>"; };
		84BE4EC61D8BD85900AB0DDF /* LHLFastLoginView.xib */ = {isa = PBXFileReference; fileEncoding = 4; lastKnownFileType = file.xib; path = LHLFastLoginView.xib; sourceTree = "<group>"; };
		84BE4EC81D8BDFA300AB0DDF /* LHLFastButton.h */ = {isa = PBXFileReference; fileEncoding = 4; lastKnownFileType = sourcecode.c.h; path = LHLFastButton.h; sourceTree = "<group>"; };
		84BE4EC91D8BDFA300AB0DDF /* LHLFastButton.m */ = {isa = PBXFileReference; fileEncoding = 4; lastKnownFileType = sourcecode.c.objc; path = LHLFastButton.m; sourceTree = "<group>"; };
		84BE4ECB1D8BF8D600AB0DDF /* LHLLoginField.h */ = {isa = PBXFileReference; fileEncoding = 4; lastKnownFileType = sourcecode.c.h; path = LHLLoginField.h; sourceTree = "<group>"; };
		84BE4ECC1D8BF8D600AB0DDF /* LHLLoginField.m */ = {isa = PBXFileReference; fileEncoding = 4; lastKnownFileType = sourcecode.c.objc; path = LHLLoginField.m; sourceTree = "<group>"; };
		84C558A11D8C0C54000E0F0B /* UITextField+placeholder.h */ = {isa = PBXFileReference; fileEncoding = 4; lastKnownFileType = sourcecode.c.h; path = "UITextField+placeholder.h"; sourceTree = "<group>"; };
		84C558A21D8C0C54000E0F0B /* UITextField+placeholder.m */ = {isa = PBXFileReference; fileEncoding = 4; lastKnownFileType = sourcecode.c.objc; path = "UITextField+placeholder.m"; sourceTree = "<group>"; };
		84C558A41D8C2778000E0F0B /* LHLMeTableViewController.storyboard */ = {isa = PBXFileReference; fileEncoding = 4; lastKnownFileType = file.storyboard; path = LHLMeTableViewController.storyboard; sourceTree = "<group>"; };
		84C558A61D8C3292000E0F0B /* LHLSquareCell.h */ = {isa = PBXFileReference; fileEncoding = 4; lastKnownFileType = sourcecode.c.h; path = LHLSquareCell.h; sourceTree = "<group>"; };
		84C558A71D8C3292000E0F0B /* LHLSquareCell.m */ = {isa = PBXFileReference; fileEncoding = 4; lastKnownFileType = sourcecode.c.objc; path = LHLSquareCell.m; sourceTree = "<group>"; };
		84C558A81D8C3292000E0F0B /* LHLSquareCell.xib */ = {isa = PBXFileReference; fileEncoding = 4; lastKnownFileType = file.xib; path = LHLSquareCell.xib; sourceTree = "<group>"; };
		84C558AB1D8C40DD000E0F0B /* LHLSquarItem.h */ = {isa = PBXFileReference; fileEncoding = 4; lastKnownFileType = sourcecode.c.h; path = LHLSquarItem.h; sourceTree = "<group>"; };
		84C558AC1D8C40DD000E0F0B /* LHLSquarItem.m */ = {isa = PBXFileReference; fileEncoding = 4; lastKnownFileType = sourcecode.c.objc; path = LHLSquarItem.m; sourceTree = "<group>"; };
		84C6E64F1D93A08F00104BB6 /* LHLTopicsCell.h */ = {isa = PBXFileReference; fileEncoding = 4; lastKnownFileType = sourcecode.c.h; path = LHLTopicsCell.h; sourceTree = "<group>"; };
		84C6E6501D93A08F00104BB6 /* LHLTopicsCell.m */ = {isa = PBXFileReference; fileEncoding = 4; lastKnownFileType = sourcecode.c.objc; path = LHLTopicsCell.m; sourceTree = "<group>"; };
		84C6E6521D93A0A000104BB6 /* LHLVideosCell.h */ = {isa = PBXFileReference; fileEncoding = 4; lastKnownFileType = sourcecode.c.h; path = LHLVideosCell.h; sourceTree = "<group>"; };
		84C6E6531D93A0A000104BB6 /* LHLVideosCell.m */ = {isa = PBXFileReference; fileEncoding = 4; lastKnownFileType = sourcecode.c.objc; path = LHLVideosCell.m; sourceTree = "<group>"; };
		84C6E6551D93A0B400104BB6 /* LHLVoiceCell.h */ = {isa = PBXFileReference; fileEncoding = 4; lastKnownFileType = sourcecode.c.h; path = LHLVoiceCell.h; sourceTree = "<group>"; };
		84C6E6561D93A0B400104BB6 /* LHLVoiceCell.m */ = {isa = PBXFileReference; fileEncoding = 4; lastKnownFileType = sourcecode.c.objc; path = LHLVoiceCell.m; sourceTree = "<group>"; };
		84C6E6581D93A0C200104BB6 /* LHLPictureCell.h */ = {isa = PBXFileReference; fileEncoding = 4; lastKnownFileType = sourcecode.c.h; path = LHLPictureCell.h; sourceTree = "<group>"; };
		84C6E6591D93A0C200104BB6 /* LHLPictureCell.m */ = {isa = PBXFileReference; fileEncoding = 4; lastKnownFileType = sourcecode.c.objc; path = LHLPictureCell.m; sourceTree = "<group>"; };
		84C6E65B1D93A0CF00104BB6 /* LHLWordCell.h */ = {isa = PBXFileReference; fileEncoding = 4; lastKnownFileType = sourcecode.c.h; path = LHLWordCell.h; sourceTree = "<group>"; };
		84C6E65C1D93A0CF00104BB6 /* LHLWordCell.m */ = {isa = PBXFileReference; fileEncoding = 4; lastKnownFileType = sourcecode.c.objc; path = LHLWordCell.m; sourceTree = "<group>"; };
		84D236091D879B71005BBCE9 /* 百思不得姐(环境部署).app */ = {isa = PBXFileReference; explicitFileType = wrapper.application; includeInIndex = 0; path = "百思不得姐(环境部署).app"; sourceTree = BUILT_PRODUCTS_DIR; };
		84D236161D879B72005BBCE9 /* Base */ = {isa = PBXFileReference; lastKnownFileType = file.storyboard; name = Base; path = Base.lproj/Main.storyboard; sourceTree = "<group>"; };
		84D236181D879B72005BBCE9 /* Assets.xcassets */ = {isa = PBXFileReference; lastKnownFileType = folder.assetcatalog; path = Assets.xcassets; sourceTree = "<group>"; };
		84D2361B1D879B72005BBCE9 /* Base */ = {isa = PBXFileReference; lastKnownFileType = file.storyboard; name = Base; path = Base.lproj/LaunchScreen.storyboard; sourceTree = "<group>"; };
		84D2361D1D879B72005BBCE9 /* Info.plist */ = {isa = PBXFileReference; lastKnownFileType = text.plist.xml; path = Info.plist; sourceTree = "<group>"; };
		84D236221D879B72005BBCE9 /* 百思不得姐(环境部署)UITests.xctest */ = {isa = PBXFileReference; explicitFileType = wrapper.cfbundle; includeInIndex = 0; path = "百思不得姐(环境部署)UITests.xctest"; sourceTree = BUILT_PRODUCTS_DIR; };
		84D236261D879B72005BBCE9 /* ___________UITests.m */ = {isa = PBXFileReference; lastKnownFileType = sourcecode.c.objc; path = "___________UITests.m"; sourceTree = "<group>"; };
		84D236281D879B72005BBCE9 /* Info.plist */ = {isa = PBXFileReference; lastKnownFileType = text.plist.xml; path = Info.plist; sourceTree = "<group>"; };
		84D236431D87BBA9005BBCE9 /* AppDelegate.h */ = {isa = PBXFileReference; fileEncoding = 4; lastKnownFileType = sourcecode.c.h; path = AppDelegate.h; sourceTree = "<group>"; };
		84D236441D87BBA9005BBCE9 /* AppDelegate.m */ = {isa = PBXFileReference; fileEncoding = 4; lastKnownFileType = sourcecode.c.objc; path = AppDelegate.m; sourceTree = "<group>"; };
		84D236451D87BBA9005BBCE9 /* main.m */ = {isa = PBXFileReference; fileEncoding = 4; lastKnownFileType = sourcecode.c.objc; path = main.m; sourceTree = "<group>"; };
		84D2364C1D87BD2F005BBCE9 /* LHLEssenceViewController.h */ = {isa = PBXFileReference; fileEncoding = 4; lastKnownFileType = sourcecode.c.h; path = LHLEssenceViewController.h; sourceTree = "<group>"; };
		84D2364D1D87BD2F005BBCE9 /* LHLEssenceViewController.m */ = {isa = PBXFileReference; fileEncoding = 4; lastKnownFileType = sourcecode.c.objc; path = LHLEssenceViewController.m; sourceTree = "<group>"; };
		84D2364F1D87BD7A005BBCE9 /* LHLFriendTrendViewController.h */ = {isa = PBXFileReference; fileEncoding = 4; lastKnownFileType = sourcecode.c.h; path = LHLFriendTrendViewController.h; sourceTree = "<group>"; };
		84D236501D87BD7A005BBCE9 /* LHLFriendTrendViewController.m */ = {isa = PBXFileReference; fileEncoding = 4; lastKnownFileType = sourcecode.c.objc; path = LHLFriendTrendViewController.m; sourceTree = "<group>"; };
		84D236521D87BD8C005BBCE9 /* LHLMeTableViewController.h */ = {isa = PBXFileReference; fileEncoding = 4; lastKnownFileType = sourcecode.c.h; path = LHLMeTableViewController.h; sourceTree = "<group>"; };
		84D236531D87BD8C005BBCE9 /* LHLMeTableViewController.m */ = {isa = PBXFileReference; fileEncoding = 4; lastKnownFileType = sourcecode.c.objc; path = LHLMeTableViewController.m; sourceTree = "<group>"; };
		84D236551D87BDA2005BBCE9 /* LHLNewViewController.h */ = {isa = PBXFileReference; fileEncoding = 4; lastKnownFileType = sourcecode.c.h; path = LHLNewViewController.h; sourceTree = "<group>"; };
		84D236561D87BDA2005BBCE9 /* LHLNewViewController.m */ = {isa = PBXFileReference; fileEncoding = 4; lastKnownFileType = sourcecode.c.objc; path = LHLNewViewController.m; sourceTree = "<group>"; };
		84D236581D87BDB3005BBCE9 /* LHLPublishViewController.h */ = {isa = PBXFileReference; fileEncoding = 4; lastKnownFileType = sourcecode.c.h; path = LHLPublishViewController.h; sourceTree = "<group>"; };
		84D236591D87BDB3005BBCE9 /* LHLPublishViewController.m */ = {isa = PBXFileReference; fileEncoding = 4; lastKnownFileType = sourcecode.c.objc; path = LHLPublishViewController.m; sourceTree = "<group>"; };
		84D2365F1D87CDE4005BBCE9 /* LHLTabBarController.h */ = {isa = PBXFileReference; fileEncoding = 4; lastKnownFileType = sourcecode.c.h; path = LHLTabBarController.h; sourceTree = "<group>"; };
		84D236601D87CDE4005BBCE9 /* LHLTabBarController.m */ = {isa = PBXFileReference; fileEncoding = 4; lastKnownFileType = sourcecode.c.objc; path = LHLTabBarController.m; sourceTree = "<group>"; };
		84D236631D87D352005BBCE9 /* UIImage+image.h */ = {isa = PBXFileReference; fileEncoding = 4; lastKnownFileType = sourcecode.c.h; path = "UIImage+image.h"; sourceTree = "<group>"; };
		84D236641D87D352005BBCE9 /* UIImage+image.m */ = {isa = PBXFileReference; fileEncoding = 4; lastKnownFileType = sourcecode.c.objc; path = "UIImage+image.m"; sourceTree = "<group>"; };
		84F803C31D8ACC650017CCC7 /* LHLSubTagController.h */ = {isa = PBXFileReference; fileEncoding = 4; lastKnownFileType = sourcecode.c.h; path = LHLSubTagController.h; sourceTree = "<group>"; };
		84F803C41D8ACC650017CCC7 /* LHLSubTagController.m */ = {isa = PBXFileReference; fileEncoding = 4; lastKnownFileType = sourcecode.c.objc; path = LHLSubTagController.m; sourceTree = "<group>"; };
		84F803C61D8ACF370017CCC7 /* LHLSubTagItem.h */ = {isa = PBXFileReference; fileEncoding = 4; lastKnownFileType = sourcecode.c.h; path = LHLSubTagItem.h; sourceTree = "<group>"; };
		84F803C71D8ACF370017CCC7 /* LHLSubTagItem.m */ = {isa = PBXFileReference; fileEncoding = 4; lastKnownFileType = sourcecode.c.objc; path = LHLSubTagItem.m; sourceTree = "<group>"; };
		84F803CC1D8AD6FD0017CCC7 /* LHLSubTagCell.h */ = {isa = PBXFileReference; fileEncoding = 4; lastKnownFileType = sourcecode.c.h; path = LHLSubTagCell.h; sourceTree = "<group>"; };
		84F803CD1D8AD6FD0017CCC7 /* LHLSubTagCell.m */ = {isa = PBXFileReference; fileEncoding = 4; lastKnownFileType = sourcecode.c.objc; path = LHLSubTagCell.m; sourceTree = "<group>"; };
		84F803CE1D8AD6FD0017CCC7 /* LHLSubTagCell.xib */ = {isa = PBXFileReference; fileEncoding = 4; lastKnownFileType = file.xib; path = LHLSubTagCell.xib; sourceTree = "<group>"; };
		84FAF54D1D893AD300A71005 /* LHLTabBar.h */ = {isa = PBXFileReference; fileEncoding = 4; lastKnownFileType = sourcecode.c.h; path = LHLTabBar.h; sourceTree = "<group>"; };
		84FAF54E1D893AD300A71005 /* LHLTabBar.m */ = {isa = PBXFileReference; fileEncoding = 4; lastKnownFileType = sourcecode.c.objc; path = LHLTabBar.m; sourceTree = "<group>"; };
		84FAF5531D894BAC00A71005 /* UIView+frame.h */ = {isa = PBXFileReference; fileEncoding = 4; lastKnownFileType = sourcecode.c.h; path = "UIView+frame.h"; sourceTree = "<group>"; };
		84FAF5541D894BAC00A71005 /* UIView+frame.m */ = {isa = PBXFileReference; fileEncoding = 4; lastKnownFileType = sourcecode.c.objc; path = "UIView+frame.m"; sourceTree = "<group>"; };
		E459A3865E4B8A1010416C6C /* Pods-百思不得姐(环境部署).debug.xcconfig */ = {isa = PBXFileReference; includeInIndex = 1; lastKnownFileType = text.xcconfig; name = "Pods-百思不得姐(环境部署).debug.xcconfig"; path = "Pods/Target Support Files/Pods-百思不得姐(环境部署)/Pods-百思不得姐(环境部署).debug.xcconfig"; sourceTree = "<group>"; };
/* End PBXFileReference section */

/* Begin PBXFrameworksBuildPhase section */
		84D236061D879B71005BBCE9 /* Frameworks */ = {
			isa = PBXFrameworksBuildPhase;
			buildActionMask = 2147483647;
			files = (
				150A6677EED5B100CCAE94EF /* Pods____________.framework in Frameworks */,
			);
			runOnlyForDeploymentPostprocessing = 0;
		};
		84D2361F1D879B72005BBCE9 /* Frameworks */ = {
			isa = PBXFrameworksBuildPhase;
			buildActionMask = 2147483647;
			files = (
			);
			runOnlyForDeploymentPostprocessing = 0;
		};
/* End PBXFrameworksBuildPhase section */

/* Begin PBXGroup section */
		7653C952085C8FA5D2C93B12 /* Pods */ = {
			isa = PBXGroup;
			children = (
				E459A3865E4B8A1010416C6C /* Pods-百思不得姐(环境部署).debug.xcconfig */,
				80D855DD8AA3EBE9C7D972B0 /* Pods-百思不得姐(环境部署).release.xcconfig */,
			);
			name = Pods;
			sourceTree = "<group>";
		};
		846E06351D8A613100321D94 /* AD(广告) */ = {
			isa = PBXGroup;
			children = (
				846E06361D8A613100321D94 /* Controller */,
				846E06371D8A613100321D94 /* Model */,
				846E06381D8A613100321D94 /* View */,
			);
			path = "AD(广告)";
			sourceTree = "<group>";
		};
		846E06361D8A613100321D94 /* Controller */ = {
			isa = PBXGroup;
			children = (
				846E06401D8A618000321D94 /* LHLAdViewController.h */,
				846E06411D8A618000321D94 /* LHLAdViewController.m */,
				846E06421D8A618000321D94 /* LHLAdViewController.xib */,
			);
			path = Controller;
			sourceTree = "<group>";
		};
		846E06371D8A613100321D94 /* Model */ = {
			isa = PBXGroup;
			children = (
				8492A8931D8AB19400C73DF3 /* LHLAdItem.h */,
				8492A8941D8AB19400C73DF3 /* LHLAdItem.m */,
			);
			path = Model;
			sourceTree = "<group>";
		};
		846E06381D8A613100321D94 /* View */ = {
			isa = PBXGroup;
			children = (
			);
			path = View;
			sourceTree = "<group>";
		};
		846E06391D8A614D00321D94 /* Setting(设置) */ = {
			isa = PBXGroup;
			children = (
				846E063A1D8A614D00321D94 /* Controller */,
				846E063D1D8A614D00321D94 /* Model */,
				846E063E1D8A614D00321D94 /* View */,
			);
			path = "Setting(设置)";
			sourceTree = "<group>";
		};
		846E063A1D8A614D00321D94 /* Controller */ = {
			isa = PBXGroup;
			children = (
				846E063B1D8A614D00321D94 /* LHLSettingViewController.h */,
				846E063C1D8A614D00321D94 /* LHLSettingViewController.m */,
			);
			path = Controller;
			sourceTree = "<group>";
		};
		846E063D1D8A614D00321D94 /* Model */ = {
			isa = PBXGroup;
			children = (
			);
			path = Model;
			sourceTree = "<group>";
		};
		846E063E1D8A614D00321D94 /* View */ = {
			isa = PBXGroup;
			children = (
			);
			path = View;
			sourceTree = "<group>";
		};
		846E06451D8A641300321D94 /* 启动图片 */ = {
			isa = PBXGroup;
			children = (
				846E06461D8A641300321D94 /* LaunchImage-568h@2x.png */,
				846E06471D8A641300321D94 /* LaunchImage-700-568h@2x.png */,
				846E06481D8A641300321D94 /* LaunchImage-700@2x.png */,
				846E06491D8A641300321D94 /* LaunchImage-800-667h@2x.png */,
				846E064A1D8A641300321D94 /* LaunchImage-800-Portrait-736h@3x.png */,
				846E064B1D8A641300321D94 /* LaunchImage.png */,
				846E064C1D8A641300321D94 /* LaunchImage@2x.png */,
			);
			path = "启动图片";
			sourceTree = "<group>";
		};
		84A8DEDE1D8D3D36005A5F6B /* Tool */ = {
			isa = PBXGroup;
			children = (
				84A8DEDF1D8D3D36005A5F6B /* FileTool */,
			);
			path = Tool;
			sourceTree = "<group>";
		};
		84A8DEDF1D8D3D36005A5F6B /* FileTool */ = {
			isa = PBXGroup;
			children = (
				84A8DEE01D8D3D4A005A5F6B /* LHLFileTool.h */,
				84A8DEE11D8D3D4A005A5F6B /* LHLFileTool.m */,
			);
			path = FileTool;
			sourceTree = "<group>";
		};
		84D236001D879B71005BBCE9 = {
			isa = PBXGroup;
			children = (
				84D2360B1D879B71005BBCE9 /* 百思不得姐(环境部署) */,
				84D236251D879B72005BBCE9 /* 百思不得姐(环境部署)UITests */,
				84D2360A1D879B71005BBCE9 /* Products */,
				7653C952085C8FA5D2C93B12 /* Pods */,
				FB6F8F682FDCA67AE46A0446 /* Frameworks */,
			);
			sourceTree = "<group>";
		};
		84D2360A1D879B71005BBCE9 /* Products */ = {
			isa = PBXGroup;
			children = (
				84D236091D879B71005BBCE9 /* 百思不得姐(环境部署).app */,
				84D236221D879B72005BBCE9 /* 百思不得姐(环境部署)UITests.xctest */,
			);
			name = Products;
			sourceTree = "<group>";
		};
		84D2360B1D879B71005BBCE9 /* 百思不得姐(环境部署) */ = {
			isa = PBXGroup;
			children = (
				84D236311D87BBA9005BBCE9 /* Classes */,
				84D236151D879B72005BBCE9 /* Main.storyboard */,
				84D236181D879B72005BBCE9 /* Assets.xcassets */,
				84D2361A1D879B72005BBCE9 /* LaunchScreen.storyboard */,
				84D2361D1D879B72005BBCE9 /* Info.plist */,
				84D2360C1D879B71005BBCE9 /* Supporting Files */,
			);
			path = "百思不得姐(环境部署)";
			sourceTree = "<group>";
		};
		84D2360C1D879B71005BBCE9 /* Supporting Files */ = {
			isa = PBXGroup;
			children = (
				846E06451D8A641300321D94 /* 启动图片 */,
			);
			name = "Supporting Files";
			sourceTree = "<group>";
		};
		84D236251D879B72005BBCE9 /* 百思不得姐(环境部署)UITests */ = {
			isa = PBXGroup;
			children = (
				84D236261D879B72005BBCE9 /* ___________UITests.m */,
				84D236281D879B72005BBCE9 /* Info.plist */,
			);
			path = "百思不得姐(环境部署)UITests";
			sourceTree = "<group>";
		};
		84D236311D87BBA9005BBCE9 /* Classes */ = {
			isa = PBXGroup;
			children = (
				84A8DEDE1D8D3D36005A5F6B /* Tool */,
				846E06351D8A613100321D94 /* AD(广告) */,
				846E06391D8A614D00321D94 /* Setting(设置) */,
				84D2365B1D87CC98005BBCE9 /* Main(主要) */,
				84D236321D87BBA9005BBCE9 /* Essence(精华) */,
				84D236361D87BBA9005BBCE9 /* FriendTrend(关注) */,
				84D2363A1D87BBA9005BBCE9 /* Me(我) */,
				84D2363E1D87BBA9005BBCE9 /* New(新帖) */,
				84D236461D87BBA9005BBCE9 /* Publish(发布) */,
				84D236421D87BBA9005BBCE9 /* Other */,
			);
			path = Classes;
			sourceTree = "<group>";
		};
		84D236321D87BBA9005BBCE9 /* Essence(精华) */ = {
			isa = PBXGroup;
			children = (
				84D236331D87BBA9005BBCE9 /* Controller */,
				84D236341D87BBA9005BBCE9 /* Model */,
				84D236351D87BBA9005BBCE9 /* View */,
			);
			path = "Essence(精华)";
			sourceTree = "<group>";
		};
		84D236331D87BBA9005BBCE9 /* Controller */ = {
			isa = PBXGroup;
			children = (
				84D2364C1D87BD2F005BBCE9 /* LHLEssenceViewController.h */,
				84D2364D1D87BD2F005BBCE9 /* LHLEssenceViewController.m */,
				84BDE8B51D8FE71C000CFE9F /* LHLAllViewController.h */,
				84BDE8B61D8FE71C000CFE9F /* LHLAllViewController.m */,
				84BDE8B81D8FE72C000CFE9F /* LHLVideoViewController.h */,
				84BDE8B91D8FE72C000CFE9F /* LHLVideoViewController.m */,
				84BDE8BB1D8FE742000CFE9F /* LHLVoiceViewController.h */,
				84BDE8BC1D8FE742000CFE9F /* LHLVoiceViewController.m */,
				84BDE8BE1D8FE75A000CFE9F /* LHLPictureViewController.h */,
				84BDE8BF1D8FE75A000CFE9F /* LHLPictureViewController.m */,
				84BDE8C11D8FE766000CFE9F /* LHLWordViewController.h */,
				84BDE8C21D8FE766000CFE9F /* LHLWordViewController.m */,
			);
			path = Controller;
			sourceTree = "<group>";
		};
		84D236341D87BBA9005BBCE9 /* Model */ = {
			isa = PBXGroup;
			children = (
				84B62A431D927FBB009C7AA5 /* LHLTopicsItem.h */,
				84B62A441D927FBB009C7AA5 /* LHLTopicsItem.m */,
			);
			path = Model;
			sourceTree = "<group>";
		};
		84D236351D87BBA9005BBCE9 /* View */ = {
			isa = PBXGroup;
			children = (
				84BDE8B21D8E29B6000CFE9F /* LHLTitleButton.h */,
				84BDE8B31D8E29B6000CFE9F /* LHLTitleButton.m */,
				84C6E64F1D93A08F00104BB6 /* LHLTopicsCell.h */,
				84C6E6501D93A08F00104BB6 /* LHLTopicsCell.m */,
				84C6E6521D93A0A000104BB6 /* LHLVideosCell.h */,
				84C6E6531D93A0A000104BB6 /* LHLVideosCell.m */,
				84C6E6551D93A0B400104BB6 /* LHLVoiceCell.h */,
				84C6E6561D93A0B400104BB6 /* LHLVoiceCell.m */,
				84C6E6581D93A0C200104BB6 /* LHLPictureCell.h */,
				84C6E6591D93A0C200104BB6 /* LHLPictureCell.m */,
				84C6E65B1D93A0CF00104BB6 /* LHLWordCell.h */,
				84C6E65C1D93A0CF00104BB6 /* LHLWordCell.m */,
			);
			path = View;
			sourceTree = "<group>";
		};
		84D236361D87BBA9005BBCE9 /* FriendTrend(关注) */ = {
			isa = PBXGroup;
			children = (
				84D236371D87BBA9005BBCE9 /* Controller */,
				84D236381D87BBA9005BBCE9 /* Model */,
				84D236391D87BBA9005BBCE9 /* View */,
			);
			path = "FriendTrend(关注)";
			sourceTree = "<group>";
		};
		84D236371D87BBA9005BBCE9 /* Controller */ = {
			isa = PBXGroup;
			children = (
				84D2364F1D87BD7A005BBCE9 /* LHLFriendTrendViewController.h */,
				84D236501D87BD7A005BBCE9 /* LHLFriendTrendViewController.m */,
				84BE4EB71D8BA59D00AB0DDF /* LHLFriendTrendViewController.xib */,
				84BE4EB91D8BABE200AB0DDF /* LHLLoginRegisterController.h */,
				84BE4EBA1D8BABE200AB0DDF /* LHLLoginRegisterController.m */,
				84BE4EBB1D8BABE200AB0DDF /* LHLLoginRegisterController.xib */,
			);
			path = Controller;
			sourceTree = "<group>";
		};
		84D236381D87BBA9005BBCE9 /* Model */ = {
			isa = PBXGroup;
			children = (
			);
			path = Model;
			sourceTree = "<group>";
		};
		84D236391D87BBA9005BBCE9 /* View */ = {
			isa = PBXGroup;
			children = (
				84BE4EBE1D8BB6CD00AB0DDF /* LHLLoginRegisterView.h */,
				84BE4EBF1D8BB6CD00AB0DDF /* LHLLoginRegisterView.m */,
				84BE4EC11D8BB6DC00AB0DDF /* LHLLoginRegisterView.xib */,
				84BE4EC31D8BD84C00AB0DDF /* LHLFastLoginView.h */,
				84BE4EC41D8BD84C00AB0DDF /* LHLFastLoginView.m */,
				84BE4EC61D8BD85900AB0DDF /* LHLFastLoginView.xib */,
				84BE4EC81D8BDFA300AB0DDF /* LHLFastButton.h */,
				84BE4EC91D8BDFA300AB0DDF /* LHLFastButton.m */,
				84BE4ECB1D8BF8D600AB0DDF /* LHLLoginField.h */,
				84BE4ECC1D8BF8D600AB0DDF /* LHLLoginField.m */,
			);
			path = View;
			sourceTree = "<group>";
		};
		84D2363A1D87BBA9005BBCE9 /* Me(我) */ = {
			isa = PBXGroup;
			children = (
				84D2363B1D87BBA9005BBCE9 /* Controller */,
				84D2363C1D87BBA9005BBCE9 /* Model */,
				84D2363D1D87BBA9005BBCE9 /* View */,
			);
			path = "Me(我)";
			sourceTree = "<group>";
		};
		84D2363B1D87BBA9005BBCE9 /* Controller */ = {
			isa = PBXGroup;
			children = (
				84D236521D87BD8C005BBCE9 /* LHLMeTableViewController.h */,
				84D236531D87BD8C005BBCE9 /* LHLMeTableViewController.m */,
				84C558A41D8C2778000E0F0B /* LHLMeTableViewController.storyboard */,
				847A48DA1D8CF4C4002AE6BA /* LHLWebViewController.h */,
				847A48DB1D8CF4C4002AE6BA /* LHLWebViewController.m */,
				847A48DC1D8CF4C4002AE6BA /* LHLWebViewController.xib */,
			);
			path = Controller;
			sourceTree = "<group>";
		};
		84D2363C1D87BBA9005BBCE9 /* Model */ = {
			isa = PBXGroup;
			children = (
				84C558AB1D8C40DD000E0F0B /* LHLSquarItem.h */,
				84C558AC1D8C40DD000E0F0B /* LHLSquarItem.m */,
			);
			path = Model;
			sourceTree = "<group>";
		};
		84D2363D1D87BBA9005BBCE9 /* View */ = {
			isa = PBXGroup;
			children = (
				84C558A61D8C3292000E0F0B /* LHLSquareCell.h */,
				84C558A71D8C3292000E0F0B /* LHLSquareCell.m */,
				84C558A81D8C3292000E0F0B /* LHLSquareCell.xib */,
			);
			path = View;
			sourceTree = "<group>";
		};
		84D2363E1D87BBA9005BBCE9 /* New(新帖) */ = {
			isa = PBXGroup;
			children = (
				84D2363F1D87BBA9005BBCE9 /* Controller */,
				84D236401D87BBA9005BBCE9 /* Model */,
				84D236411D87BBA9005BBCE9 /* View */,
			);
			path = "New(新帖)";
			sourceTree = "<group>";
		};
		84D2363F1D87BBA9005BBCE9 /* Controller */ = {
			isa = PBXGroup;
			children = (
				84D236551D87BDA2005BBCE9 /* LHLNewViewController.h */,
				84D236561D87BDA2005BBCE9 /* LHLNewViewController.m */,
				84F803C31D8ACC650017CCC7 /* LHLSubTagController.h */,
				84F803C41D8ACC650017CCC7 /* LHLSubTagController.m */,
			);
			path = Controller;
			sourceTree = "<group>";
		};
		84D236401D87BBA9005BBCE9 /* Model */ = {
			isa = PBXGroup;
			children = (
				84F803C61D8ACF370017CCC7 /* LHLSubTagItem.h */,
				84F803C71D8ACF370017CCC7 /* LHLSubTagItem.m */,
			);
			path = Model;
			sourceTree = "<group>";
		};
		84D236411D87BBA9005BBCE9 /* View */ = {
			isa = PBXGroup;
			children = (
				84F803CC1D8AD6FD0017CCC7 /* LHLSubTagCell.h */,
				84F803CD1D8AD6FD0017CCC7 /* LHLSubTagCell.m */,
				84F803CE1D8AD6FD0017CCC7 /* LHLSubTagCell.xib */,
			);
			path = View;
			sourceTree = "<group>";
		};
		84D236421D87BBA9005BBCE9 /* Other */ = {
			isa = PBXGroup;
			children = (
				84D236621D87D349005BBCE9 /* Category */,
				849474FE1D89914A00937559 /* BuDeJie.pch */,
				84D236431D87BBA9005BBCE9 /* AppDelegate.h */,
				84D236441D87BBA9005BBCE9 /* AppDelegate.m */,
				84D236451D87BBA9005BBCE9 /* main.m */,
				84BDE8C41D900DF9000CFE9F /* LHLConst.h */,
				84BDE8C51D900DF9000CFE9F /* LHLConst.m */,
			);
			path = Other;
			sourceTree = "<group>";
		};
		84D236461D87BBA9005BBCE9 /* Publish(发布) */ = {
			isa = PBXGroup;
			children = (
				84D236471D87BBA9005BBCE9 /* Controller */,
				84D236481D87BBA9005BBCE9 /* Model */,
				84D236491D87BBA9005BBCE9 /* View */,
			);
			path = "Publish(发布)";
			sourceTree = "<group>";
		};
		84D236471D87BBA9005BBCE9 /* Controller */ = {
			isa = PBXGroup;
			children = (
				84D236581D87BDB3005BBCE9 /* LHLPublishViewController.h */,
				84D236591D87BDB3005BBCE9 /* LHLPublishViewController.m */,
			);
			path = Controller;
			sourceTree = "<group>";
		};
		84D236481D87BBA9005BBCE9 /* Model */ = {
			isa = PBXGroup;
			children = (
			);
			path = Model;
			sourceTree = "<group>";
		};
		84D236491D87BBA9005BBCE9 /* View */ = {
			isa = PBXGroup;
			children = (
			);
			path = View;
			sourceTree = "<group>";
		};
		84D2365B1D87CC98005BBCE9 /* Main(主要) */ = {
			isa = PBXGroup;
			children = (
				84D2365C1D87CC98005BBCE9 /* Controller */,
				84D2365D1D87CC98005BBCE9 /* Model */,
				84D2365E1D87CC98005BBCE9 /* View */,
			);
			path = "Main(主要)";
			sourceTree = "<group>";
		};
		84D2365C1D87CC98005BBCE9 /* Controller */ = {
			isa = PBXGroup;
			children = (
				84D2365F1D87CDE4005BBCE9 /* LHLTabBarController.h */,
				84D236601D87CDE4005BBCE9 /* LHLTabBarController.m */,
				846E062B1D8A29AE00321D94 /* LHLNavigationViewController.h */,
				846E062C1D8A29AE00321D94 /* LHLNavigationViewController.m */,
			);
			path = Controller;
			sourceTree = "<group>";
		};
		84D2365D1D87CC98005BBCE9 /* Model */ = {
			isa = PBXGroup;
			children = (
			);
			path = Model;
			sourceTree = "<group>";
		};
		84D2365E1D87CC98005BBCE9 /* View */ = {
			isa = PBXGroup;
			children = (
				84FAF54D1D893AD300A71005 /* LHLTabBar.h */,
				84FAF54E1D893AD300A71005 /* LHLTabBar.m */,
			);
			path = View;
			sourceTree = "<group>";
		};
		84D236621D87D349005BBCE9 /* Category */ = {
			isa = PBXGroup;
			children = (
				84D236631D87D352005BBCE9 /* UIImage+image.h */,
				84D236641D87D352005BBCE9 /* UIImage+image.m */,
				84FAF5531D894BAC00A71005 /* UIView+frame.h */,
				84FAF5541D894BAC00A71005 /* UIView+frame.m */,
				849474FF1D899ED400937559 /* UIBarButtonItem+item.h */,
				849475001D899ED400937559 /* UIBarButtonItem+item.m */,
				84C558A11D8C0C54000E0F0B /* UITextField+placeholder.h */,
				84C558A21D8C0C54000E0F0B /* UITextField+placeholder.m */,
			);
			path = Category;
			sourceTree = "<group>";
		};
		FB6F8F682FDCA67AE46A0446 /* Frameworks */ = {
			isa = PBXGroup;
			children = (
				23B9CDCD1EA03E9D18300400 /* Pods____________.framework */,
			);
			name = Frameworks;
			sourceTree = "<group>";
		};
/* End PBXGroup section */

/* Begin PBXNativeTarget section */
		84D236081D879B71005BBCE9 /* 百思不得姐(环境部署) */ = {
			isa = PBXNativeTarget;
			buildConfigurationList = 84D2362B1D879B72005BBCE9 /* Build configuration list for PBXNativeTarget "百思不得姐(环境部署)" */;
			buildPhases = (
				F83C8EDF46AE150B2555BF4D /* [CP] Check Pods Manifest.lock */,
				84D236051D879B71005BBCE9 /* Sources */,
				84D236061D879B71005BBCE9 /* Frameworks */,
				84D236071D879B71005BBCE9 /* Resources */,
				8F4453AD25AA8B8A013F8AC5 /* [CP] Embed Pods Frameworks */,
				CFDB2F81800B48406E35C22F /* [CP] Copy Pods Resources */,
			);
			buildRules = (
			);
			dependencies = (
			);
			name = "百思不得姐(环境部署)";
			productName = "百思不得姐(环境部署)";
			productReference = 84D236091D879B71005BBCE9 /* 百思不得姐(环境部署).app */;
			productType = "com.apple.product-type.application";
		};
		84D236211D879B72005BBCE9 /* 百思不得姐(环境部署)UITests */ = {
			isa = PBXNativeTarget;
			buildConfigurationList = 84D2362E1D879B72005BBCE9 /* Build configuration list for PBXNativeTarget "百思不得姐(环境部署)UITests" */;
			buildPhases = (
				84D2361E1D879B72005BBCE9 /* Sources */,
				84D2361F1D879B72005BBCE9 /* Frameworks */,
				84D236201D879B72005BBCE9 /* Resources */,
			);
			buildRules = (
			);
			dependencies = (
				84D236241D879B72005BBCE9 /* PBXTargetDependency */,
			);
			name = "百思不得姐(环境部署)UITests";
			productName = "百思不得姐(环境部署)UITests";
			productReference = 84D236221D879B72005BBCE9 /* 百思不得姐(环境部署)UITests.xctest */;
			productType = "com.apple.product-type.bundle.ui-testing";
		};
/* End PBXNativeTarget section */

/* Begin PBXProject section */
		84D236011D879B71005BBCE9 /* Project object */ = {
			isa = PBXProject;
			attributes = {
				CLASSPREFIX = LHL;
				LastUpgradeCheck = 0720;
				ORGANIZATIONNAME = admin;
				TargetAttributes = {
					84D236081D879B71005BBCE9 = {
						CreatedOnToolsVersion = 7.2.1;
						DevelopmentTeam = YR85WJLP3Z;
					};
					84D236211D879B72005BBCE9 = {
						CreatedOnToolsVersion = 7.2.1;
						DevelopmentTeam = YR85WJLP3Z;
						TestTargetID = 84D236081D879B71005BBCE9;
					};
				};
			};
			buildConfigurationList = 84D236041D879B71005BBCE9 /* Build configuration list for PBXProject "百思不得姐(环境部署)" */;
			compatibilityVersion = "Xcode 3.2";
			developmentRegion = English;
			hasScannedForEncodings = 0;
			knownRegions = (
				en,
				Base,
			);
			mainGroup = 84D236001D879B71005BBCE9;
			productRefGroup = 84D2360A1D879B71005BBCE9 /* Products */;
			projectDirPath = "";
			projectRoot = "";
			targets = (
				84D236081D879B71005BBCE9 /* 百思不得姐(环境部署) */,
				84D236211D879B72005BBCE9 /* 百思不得姐(环境部署)UITests */,
			);
		};
/* End PBXProject section */

/* Begin PBXResourcesBuildPhase section */
		84D236071D879B71005BBCE9 /* Resources */ = {
			isa = PBXResourcesBuildPhase;
			buildActionMask = 2147483647;
			files = (
				846E06441D8A618000321D94 /* LHLAdViewController.xib in Resources */,
				84BE4EC21D8BB6DC00AB0DDF /* LHLLoginRegisterView.xib in Resources */,
				846E06511D8A641300321D94 /* LaunchImage-800-Portrait-736h@3x.png in Resources */,
				84D2361C1D879B72005BBCE9 /* LaunchScreen.storyboard in Resources */,
				846E06531D8A641300321D94 /* LaunchImage@2x.png in Resources */,
				846E064E1D8A641300321D94 /* LaunchImage-700-568h@2x.png in Resources */,
				846E06501D8A641300321D94 /* LaunchImage-800-667h@2x.png in Resources */,
				84BE4EC71D8BD85900AB0DDF /* LHLFastLoginView.xib in Resources */,
				846E064D1D8A641300321D94 /* LaunchImage-568h@2x.png in Resources */,
				846E06521D8A641300321D94 /* LaunchImage.png in Resources */,
				847A48DE1D8CF4C4002AE6BA /* LHLWebViewController.xib in Resources */,
				84F803D01D8AD6FD0017CCC7 /* LHLSubTagCell.xib in Resources */,
				84D236191D879B72005BBCE9 /* Assets.xcassets in Resources */,
				846E064F1D8A641300321D94 /* LaunchImage-700@2x.png in Resources */,
				84C558AA1D8C3292000E0F0B /* LHLSquareCell.xib in Resources */,
				84BE4EBD1D8BABE200AB0DDF /* LHLLoginRegisterController.xib in Resources */,
				84D236171D879B72005BBCE9 /* Main.storyboard in Resources */,
				84C558A51D8C2778000E0F0B /* LHLMeTableViewController.storyboard in Resources */,
				84BE4EB81D8BA59D00AB0DDF /* LHLFriendTrendViewController.xib in Resources */,
			);
			runOnlyForDeploymentPostprocessing = 0;
		};
		84D236201D879B72005BBCE9 /* Resources */ = {
			isa = PBXResourcesBuildPhase;
			buildActionMask = 2147483647;
			files = (
			);
			runOnlyForDeploymentPostprocessing = 0;
		};
/* End PBXResourcesBuildPhase section */

/* Begin PBXShellScriptBuildPhase section */
		8F4453AD25AA8B8A013F8AC5 /* [CP] Embed Pods Frameworks */ = {
			isa = PBXShellScriptBuildPhase;
			buildActionMask = 2147483647;
			files = (
			);
			inputPaths = (
			);
			name = "[CP] Embed Pods Frameworks";
			outputPaths = (
			);
			runOnlyForDeploymentPostprocessing = 0;
			shellPath = /bin/sh;
			shellScript = "\"${SRCROOT}/Pods/Target Support Files/Pods-百思不得姐(环境部署)/Pods-百思不得姐(环境部署)-frameworks.sh\"\n";
			showEnvVarsInLog = 0;
		};
		CFDB2F81800B48406E35C22F /* [CP] Copy Pods Resources */ = {
			isa = PBXShellScriptBuildPhase;
			buildActionMask = 2147483647;
			files = (
			);
			inputPaths = (
			);
			name = "[CP] Copy Pods Resources";
			outputPaths = (
			);
			runOnlyForDeploymentPostprocessing = 0;
			shellPath = /bin/sh;
			shellScript = "\"${SRCROOT}/Pods/Target Support Files/Pods-百思不得姐(环境部署)/Pods-百思不得姐(环境部署)-resources.sh\"\n";
			showEnvVarsInLog = 0;
		};
		F83C8EDF46AE150B2555BF4D /* [CP] Check Pods Manifest.lock */ = {
			isa = PBXShellScriptBuildPhase;
			buildActionMask = 2147483647;
			files = (
			);
			inputPaths = (
			);
			name = "[CP] Check Pods Manifest.lock";
			outputPaths = (
			);
			runOnlyForDeploymentPostprocessing = 0;
			shellPath = /bin/sh;
			shellScript = "diff \"${PODS_ROOT}/../Podfile.lock\" \"${PODS_ROOT}/Manifest.lock\" > /dev/null\nif [[ $? != 0 ]] ; then\n    cat << EOM\nerror: The sandbox is not in sync with the Podfile.lock. Run 'pod install' or update your CocoaPods installation.\nEOM\n    exit 1\nfi\n";
			showEnvVarsInLog = 0;
		};
/* End PBXShellScriptBuildPhase section */

/* Begin PBXSourcesBuildPhase section */
		84D236051D879B71005BBCE9 /* Sources */ = {
			isa = PBXSourcesBuildPhase;
			buildActionMask = 2147483647;
			files = (
				84FAF5551D894BAC00A71005 /* UIView+frame.m in Sources */,
				84BDE8C31D8FE766000CFE9F /* LHLWordViewController.m in Sources */,
				84BDE8B41D8E29B6000CFE9F /* LHLTitleButton.m in Sources */,
				84BE4EBC1D8BABE200AB0DDF /* LHLLoginRegisterController.m in Sources */,
				84C6E6511D93A08F00104BB6 /* LHLTopicsCell.m in Sources */,
				84B62A451D927FBB009C7AA5 /* LHLTopicsItem.m in Sources */,
				84C6E65D1D93A0CF00104BB6 /* LHLWordCell.m in Sources */,
				849475011D899ED400937559 /* UIBarButtonItem+item.m in Sources */,
				84F803C51D8ACC650017CCC7 /* LHLSubTagController.m in Sources */,
				84F803C81D8ACF370017CCC7 /* LHLSubTagItem.m in Sources */,
				84BE4ECA1D8BDFA300AB0DDF /* LHLFastButton.m in Sources */,
				84BDE8C61D900DF9000CFE9F /* LHLConst.m in Sources */,
				84D236611D87CDE4005BBCE9 /* LHLTabBarController.m in Sources */,
				84D2364B1D87BBA9005BBCE9 /* main.m in Sources */,
				84BDE8BA1D8FE72C000CFE9F /* LHLVideoViewController.m in Sources */,
				84D236541D87BD8C005BBCE9 /* LHLMeTableViewController.m in Sources */,
				84BE4EC01D8BB6CD00AB0DDF /* LHLLoginRegisterView.m in Sources */,
				847A48DD1D8CF4C4002AE6BA /* LHLWebViewController.m in Sources */,
				84D236511D87BD7A005BBCE9 /* LHLFriendTrendViewController.m in Sources */,
				84BDE8C01D8FE75A000CFE9F /* LHLPictureViewController.m in Sources */,
				84A8DEE21D8D3D4A005A5F6B /* LHLFileTool.m in Sources */,
				84FAF54F1D893AD300A71005 /* LHLTabBar.m in Sources */,
				84D2364E1D87BD2F005BBCE9 /* LHLEssenceViewController.m in Sources */,
				846E06431D8A618000321D94 /* LHLAdViewController.m in Sources */,
				846E063F1D8A614D00321D94 /* LHLSettingViewController.m in Sources */,
				84C6E6541D93A0A000104BB6 /* LHLVideosCell.m in Sources */,
				84C558AD1D8C40DD000E0F0B /* LHLSquarItem.m in Sources */,
				84C558A91D8C3292000E0F0B /* LHLSquareCell.m in Sources */,
				84BDE8B71D8FE71C000CFE9F /* LHLAllViewController.m in Sources */,
				8492A8951D8AB19400C73DF3 /* LHLAdItem.m in Sources */,
				84C6E65A1D93A0C200104BB6 /* LHLPictureCell.m in Sources */,
				84D2365A1D87BDB3005BBCE9 /* LHLPublishViewController.m in Sources */,
				84BDE8BD1D8FE742000CFE9F /* LHLVoiceViewController.m in Sources */,
				84F803CF1D8AD6FD0017CCC7 /* LHLSubTagCell.m in Sources */,
				84D236571D87BDA2005BBCE9 /* LHLNewViewController.m in Sources */,
				84D2364A1D87BBA9005BBCE9 /* AppDelegate.m in Sources */,
				84D236651D87D352005BBCE9 /* UIImage+image.m in Sources */,
				846E062D1D8A29AE00321D94 /* LHLNavigationViewController.m in Sources */,
				84BE4EC51D8BD84C00AB0DDF /* LHLFastLoginView.m in Sources */,
				84BE4ECD1D8BF8D600AB0DDF /* LHLLoginField.m in Sources */,
				84C558A31D8C0C54000E0F0B /* UITextField+placeholder.m in Sources */,
				84C6E6571D93A0B400104BB6 /* LHLVoiceCell.m in Sources */,
			);
			runOnlyForDeploymentPostprocessing = 0;
		};
		84D2361E1D879B72005BBCE9 /* Sources */ = {
			isa = PBXSourcesBuildPhase;
			buildActionMask = 2147483647;
			files = (
				84D236271D879B72005BBCE9 /* ___________UITests.m in Sources */,
			);
			runOnlyForDeploymentPostprocessing = 0;
		};
/* End PBXSourcesBuildPhase section */

/* Begin PBXTargetDependency section */
		84D236241D879B72005BBCE9 /* PBXTargetDependency */ = {
			isa = PBXTargetDependency;
			target = 84D236081D879B71005BBCE9 /* 百思不得姐(环境部署) */;
			targetProxy = 84D236231D879B72005BBCE9 /* PBXContainerItemProxy */;
		};
/* End PBXTargetDependency section */

/* Begin PBXVariantGroup section */
		84D236151D879B72005BBCE9 /* Main.storyboard */ = {
			isa = PBXVariantGroup;
			children = (
				84D236161D879B72005BBCE9 /* Base */,
			);
			name = Main.storyboard;
			sourceTree = "<group>";
		};
		84D2361A1D879B72005BBCE9 /* LaunchScreen.storyboard */ = {
			isa = PBXVariantGroup;
			children = (
				84D2361B1D879B72005BBCE9 /* Base */,
			);
			name = LaunchScreen.storyboard;
			sourceTree = "<group>";
		};
/* End PBXVariantGroup section */

/* Begin XCBuildConfiguration section */
		84D236291D879B72005BBCE9 /* Debug */ = {
			isa = XCBuildConfiguration;
			buildSettings = {
				ALWAYS_SEARCH_USER_PATHS = NO;
				CLANG_CXX_LANGUAGE_STANDARD = "gnu++0x";
				CLANG_CXX_LIBRARY = "libc++";
				CLANG_ENABLE_MODULES = YES;
				CLANG_ENABLE_OBJC_ARC = YES;
				CLANG_WARN_BOOL_CONVERSION = YES;
				CLANG_WARN_CONSTANT_CONVERSION = YES;
				CLANG_WARN_DIRECT_OBJC_ISA_USAGE = YES_ERROR;
				CLANG_WARN_EMPTY_BODY = YES;
				CLANG_WARN_ENUM_CONVERSION = YES;
				CLANG_WARN_INT_CONVERSION = YES;
				CLANG_WARN_OBJC_ROOT_CLASS = YES_ERROR;
				CLANG_WARN_UNREACHABLE_CODE = YES;
				CLANG_WARN__DUPLICATE_METHOD_MATCH = YES;
				"CODE_SIGN_IDENTITY[sdk=iphoneos*]" = "iPhone Developer";
				COPY_PHASE_STRIP = NO;
				DEBUG_INFORMATION_FORMAT = dwarf;
				ENABLE_STRICT_OBJC_MSGSEND = YES;
				ENABLE_TESTABILITY = YES;
				GCC_C_LANGUAGE_STANDARD = gnu99;
				GCC_DYNAMIC_NO_PIC = NO;
				GCC_NO_COMMON_BLOCKS = YES;
				GCC_OPTIMIZATION_LEVEL = 0;
				GCC_PREPROCESSOR_DEFINITIONS = (
					"DEBUG=1",
					"$(inherited)",
				);
				GCC_WARN_64_TO_32_BIT_CONVERSION = YES;
				GCC_WARN_ABOUT_RETURN_TYPE = YES_ERROR;
				GCC_WARN_UNDECLARED_SELECTOR = YES;
				GCC_WARN_UNINITIALIZED_AUTOS = YES_AGGRESSIVE;
				GCC_WARN_UNUSED_FUNCTION = YES;
				GCC_WARN_UNUSED_VARIABLE = YES;
				IPHONEOS_DEPLOYMENT_TARGET = 9.2;
				MTL_ENABLE_DEBUG_INFO = YES;
				ONLY_ACTIVE_ARCH = YES;
				SDKROOT = iphoneos;
			};
			name = Debug;
		};
		84D2362A1D879B72005BBCE9 /* Release */ = {
			isa = XCBuildConfiguration;
			buildSettings = {
				ALWAYS_SEARCH_USER_PATHS = NO;
				CLANG_CXX_LANGUAGE_STANDARD = "gnu++0x";
				CLANG_CXX_LIBRARY = "libc++";
				CLANG_ENABLE_MODULES = YES;
				CLANG_ENABLE_OBJC_ARC = YES;
				CLANG_WARN_BOOL_CONVERSION = YES;
				CLANG_WARN_CONSTANT_CONVERSION = YES;
				CLANG_WARN_DIRECT_OBJC_ISA_USAGE = YES_ERROR;
				CLANG_WARN_EMPTY_BODY = YES;
				CLANG_WARN_ENUM_CONVERSION = YES;
				CLANG_WARN_INT_CONVERSION = YES;
				CLANG_WARN_OBJC_ROOT_CLASS = YES_ERROR;
				CLANG_WARN_UNREACHABLE_CODE = YES;
				CLANG_WARN__DUPLICATE_METHOD_MATCH = YES;
				"CODE_SIGN_IDENTITY[sdk=iphoneos*]" = "iPhone Developer";
				COPY_PHASE_STRIP = NO;
				DEBUG_INFORMATION_FORMAT = "dwarf-with-dsym";
				ENABLE_NS_ASSERTIONS = NO;
				ENABLE_STRICT_OBJC_MSGSEND = YES;
				GCC_C_LANGUAGE_STANDARD = gnu99;
				GCC_NO_COMMON_BLOCKS = YES;
				GCC_WARN_64_TO_32_BIT_CONVERSION = YES;
				GCC_WARN_ABOUT_RETURN_TYPE = YES_ERROR;
				GCC_WARN_UNDECLARED_SELECTOR = YES;
				GCC_WARN_UNINITIALIZED_AUTOS = YES_AGGRESSIVE;
				GCC_WARN_UNUSED_FUNCTION = YES;
				GCC_WARN_UNUSED_VARIABLE = YES;
				IPHONEOS_DEPLOYMENT_TARGET = 9.2;
				MTL_ENABLE_DEBUG_INFO = NO;
				SDKROOT = iphoneos;
				VALIDATE_PRODUCT = YES;
			};
			name = Release;
		};
		84D2362C1D879B72005BBCE9 /* Debug */ = {
			isa = XCBuildConfiguration;
			baseConfigurationReference = E459A3865E4B8A1010416C6C /* Pods-百思不得姐(环境部署).debug.xcconfig */;
			buildSettings = {
				ASSETCATALOG_COMPILER_APPICON_NAME = AppIcon;
				ASSETCATALOG_COMPILER_LAUNCHIMAGE_NAME = "Brand Assets";
				CODE_SIGN_IDENTITY = "iPhone Developer";
				GCC_PREFIX_HEADER = "百思不得姐(环境部署)/Classes/Other/BuDeJie.pch";
				INFOPLIST_FILE = "百思不得姐(环境部署)/Info.plist";
				IPHONEOS_DEPLOYMENT_TARGET = 8.0;
				LD_RUNPATH_SEARCH_PATHS = "$(inherited) @executable_path/Frameworks";
				PRODUCT_BUNDLE_IDENTIFIER = "leng.-----------";
				PRODUCT_NAME = "$(TARGET_NAME)";
			};
			name = Debug;
		};
		84D2362D1D879B72005BBCE9 /* Release */ = {
			isa = XCBuildConfiguration;
			baseConfigurationReference = 80D855DD8AA3EBE9C7D972B0 /* Pods-百思不得姐(环境部署).release.xcconfig */;
			buildSettings = {
				ASSETCATALOG_COMPILER_APPICON_NAME = AppIcon;
				ASSETCATALOG_COMPILER_LAUNCHIMAGE_NAME = "Brand Assets";
				CODE_SIGN_IDENTITY = "iPhone Developer";
				GCC_PREFIX_HEADER = "百思不得姐(环境部署)/Classes/Other/BuDeJie.pch";
				INFOPLIST_FILE = "百思不得姐(环境部署)/Info.plist";
				IPHONEOS_DEPLOYMENT_TARGET = 8.0;
				LD_RUNPATH_SEARCH_PATHS = "$(inherited) @executable_path/Frameworks";
				PRODUCT_BUNDLE_IDENTIFIER = "leng.-----------";
				PRODUCT_NAME = "$(TARGET_NAME)";
			};
			name = Release;
		};
		84D2362F1D879B72005BBCE9 /* Debug */ = {
			isa = XCBuildConfiguration;
			buildSettings = {
				INFOPLIST_FILE = "百思不得姐(环境部署)UITests/Info.plist";
				LD_RUNPATH_SEARCH_PATHS = "$(inherited) @executable_path/Frameworks @loader_path/Frameworks";
				PRODUCT_BUNDLE_IDENTIFIER = "leng.-----------UITests";
				PRODUCT_NAME = "$(TARGET_NAME)";
				TEST_TARGET_NAME = "百思不得姐(环境部署)";
				USES_XCTRUNNER = YES;
			};
			name = Debug;
		};
		84D236301D879B72005BBCE9 /* Release */ = {
			isa = XCBuildConfiguration;
			buildSettings = {
				INFOPLIST_FILE = "百思不得姐(环境部署)UITests/Info.plist";
				LD_RUNPATH_SEARCH_PATHS = "$(inherited) @executable_path/Frameworks @loader_path/Frameworks";
				PRODUCT_BUNDLE_IDENTIFIER = "leng.-----------UITests";
				PRODUCT_NAME = "$(TARGET_NAME)";
				TEST_TARGET_NAME = "百思不得姐(环境部署)";
				USES_XCTRUNNER = YES;
			};
			name = Release;
		};
/* End XCBuildConfiguration section */

/* Begin XCConfigurationList section */
		84D236041D879B71005BBCE9 /* Build configuration list for PBXProject "百思不得姐(环境部署)" */ = {
			isa = XCConfigurationList;
			buildConfigurations = (
				84D236291D879B72005BBCE9 /* Debug */,
				84D2362A1D879B72005BBCE9 /* Release */,
			);
			defaultConfigurationIsVisible = 0;
			defaultConfigurationName = Release;
		};
		84D2362B1D879B72005BBCE9 /* Build configuration list for PBXNativeTarget "百思不得姐(环境部署)" */ = {
			isa = XCConfigurationList;
			buildConfigurations = (
				84D2362C1D879B72005BBCE9 /* Debug */,
				84D2362D1D879B72005BBCE9 /* Release */,
			);
			defaultConfigurationIsVisible = 0;
			defaultConfigurationName = Release;
		};
		84D2362E1D879B72005BBCE9 /* Build configuration list for PBXNativeTarget "百思不得姐(环境部署)UITests" */ = {
			isa = XCConfigurationList;
			buildConfigurations = (
				84D2362F1D879B72005BBCE9 /* Debug */,
				84D236301D879B72005BBCE9 /* Release */,
			);
			defaultConfigurationIsVisible = 0;
			defaultConfigurationName = Release;
		};
/* End XCConfigurationList section */
	};
	rootObject = 84D236011D879B71005BBCE9 /* Project object */;
}
